
Microsoft Visual Studio Solution File, Format Version 12.00
# Visual Studio 15
Project("{FAE04EC0-301F-11D3-BF4B-00C04F79EFBC}") = "Photon_Multiplayer_VR.old", "Photon_Multiplayer_VR.old.csproj", "{BF1080FD-1931-72E1-5B87-AD33D86A1AFE}"
EndProject
Project("{FAE04EC0-301F-11D3-BF4B-00C04F79EFBC}") = "Photon_Multiplayer_VR.old.Plugins", "Photon_Multiplayer_VR.old.Plugins.csproj", "{9390378F-A42B-62A9-F391-7CE07A986401}"
EndProject
Project("{FAE04EC0-301F-11D3-BF4B-00C04F79EFBC}") = "Photon_Multiplayer_VR.old.Editor", "Photon_Multiplayer_VR.old.Editor.csproj", "{8D38E77F-AAA1-7DB7-36A1-E865E4720091}"
EndProject
Global
	GlobalSection(SolutionConfigurationPlatforms) = preSolution
		Debug|Any CPU = Debug|Any CPU
		Release|Any CPU = Release|Any CPU
	EndGlobalSection
	GlobalSection(ProjectConfigurationPlatforms) = postSolution
		{BF1080FD-1931-72E1-5B87-AD33D86A1AFE}.Debug|Any CPU.ActiveCfg = Debug|Any CPU
		{BF1080FD-1931-72E1-5B87-AD33D86A1AFE}.Debug|Any CPU.Build.0 = Debug|Any CPU
		{BF1080FD-1931-72E1-5B87-AD33D86A1AFE}.Release|Any CPU.ActiveCfg = Release|Any CPU
		{BF1080FD-1931-72E1-5B87-AD33D86A1AFE}.Release|Any CPU.Build.0 = Release|Any CPU
		{9390378F-A42B-62A9-F391-7CE07A986401}.Debug|Any CPU.ActiveCfg = Debug|Any CPU
		{9390378F-A42B-62A9-F391-7CE07A986401}.Debug|Any CPU.Build.0 = Debug|Any CPU
		{9390378F-A42B-62A9-F391-7CE07A986401}.Release|Any CPU.ActiveCfg = Release|Any CPU
		{9390378F-A42B-62A9-F391-7CE07A986401}.Release|Any CPU.Build.0 = Release|Any CPU
		{8D38E77F-AAA1-7DB7-36A1-E865E4720091}.Debug|Any CPU.ActiveCfg = Debug|Any CPU
		{8D38E77F-AAA1-7DB7-36A1-E865E4720091}.Debug|Any CPU.Build.0 = Debug|Any CPU
		{8D38E77F-AAA1-7DB7-36A1-E865E4720091}.Release|Any CPU.ActiveCfg = Release|Any CPU
		{8D38E77F-AAA1-7DB7-36A1-E865E4720091}.Release|Any CPU.Build.0 = Release|Any CPU
	EndGlobalSection
	GlobalSection(SolutionProperties) = preSolution
		HideSolutionNode = FALSE
	EndGlobalSection
EndGlobal
