
Microsoft Visual Studio Solution File, Format Version 12.00
# Visual Studio 2017
Project("{FAE04EC0-301F-11D3-BF4B-00C04F79EFBC}") = "Photon_Multiplayer_VR", "Photon_Multiplayer_VR.csproj", "{81BB1FAA-A154-B5B2-C4F0-AFAC6066A663}"
EndProject
Project("{FAE04EC0-301F-11D3-BF4B-00C04F79EFBC}") = "Photon_Multiplayer_VR.Plugins", "Photon_Multiplayer_VR.Plugins.csproj", "{33873E5D-A867-28ED-B8EB-663BAD719A5D}"
EndProject
Project("{FAE04EC0-301F-11D3-BF4B-00C04F79EFBC}") = "Photon_Multiplayer_VR.Editor", "Photon_Multiplayer_VR.Editor.csproj", "{02B8825D-7F42-82C6-D733-C24E01B1BE17}"
EndProject
Global
	GlobalSection(SolutionConfigurationPlatforms) = preSolution
		Debug|Any CPU = Debug|Any CPU
		Release|Any CPU = Release|Any CPU
	EndGlobalSection
	GlobalSection(ProjectConfigurationPlatforms) = postSolution
		{81BB1FAA-A154-B5B2-C4F0-AFAC6066A663}.Debug|Any CPU.ActiveCfg = Debug|Any CPU
		{81BB1FAA-A154-B5B2-C4F0-AFAC6066A663}.Debug|Any CPU.Build.0 = Debug|Any CPU
		{81BB1FAA-A154-B5B2-C4F0-AFAC6066A663}.Release|Any CPU.ActiveCfg = Release|Any CPU
		{81BB1FAA-A154-B5B2-C4F0-AFAC6066A663}.Release|Any CPU.Build.0 = Release|Any CPU
		{33873E5D-A867-28ED-B8EB-663BAD719A5D}.Debug|Any CPU.ActiveCfg = Debug|Any CPU
		{33873E5D-A867-28ED-B8EB-663BAD719A5D}.Debug|Any CPU.Build.0 = Debug|Any CPU
		{33873E5D-A867-28ED-B8EB-663BAD719A5D}.Release|Any CPU.ActiveCfg = Release|Any CPU
		{33873E5D-A867-28ED-B8EB-663BAD719A5D}.Release|Any CPU.Build.0 = Release|Any CPU
		{02B8825D-7F42-82C6-D733-C24E01B1BE17}.Debug|Any CPU.ActiveCfg = Debug|Any CPU
		{02B8825D-7F42-82C6-D733-C24E01B1BE17}.Debug|Any CPU.Build.0 = Debug|Any CPU
		{02B8825D-7F42-82C6-D733-C24E01B1BE17}.Release|Any CPU.ActiveCfg = Release|Any CPU
		{02B8825D-7F42-82C6-D733-C24E01B1BE17}.Release|Any CPU.Build.0 = Release|Any CPU
	EndGlobalSection
	GlobalSection(SolutionProperties) = preSolution
		HideSolutionNode = FALSE
	EndGlobalSection
EndGlobal
